
Microsoft Visual Studio Solution File, Format Version 12.00
# Visual Studio Version 17
VisualStudioVersion = 17.8.34330.188
MinimumVisualStudioVersion = 10.0.40219.1
Project("{FAE04EC0-301F-11D3-BF4B-00C04F79EFBC}") = "Console.Booking", "Console.Booking.csproj", "{1AB65FAF-EDE7-4A98-B9A5-7A1EBEB40C3B}"
EndProject
Project("{FAE04EC0-301F-11D3-BF4B-00C04F79EFBC}") = "Console.Booking.Core", "..\Console.Booking.Core\Console.Booking.Core.csproj", "{C60D504D-FA8C-423F-A941-F7E361B49DC1}"
EndProject
Global
	GlobalSection(SolutionConfigurationPlatforms) = preSolution
		Debug|Any CPU = Debug|Any CPU
		Release|Any CPU = Release|Any CPU
	EndGlobalSection
	GlobalSection(ProjectConfigurationPlatforms) = postSolution
		{1AB65FAF-EDE7-4A98-B9A5-7A1EBEB40C3B}.Debug|Any CPU.ActiveCfg = Debug|Any CPU
		{1AB65FAF-EDE7-4A98-B9A5-7A1EBEB40C3B}.Debug|Any CPU.Build.0 = Debug|Any CPU
		{1AB65FAF-EDE7-4A98-B9A5-7A1EBEB40C3B}.Release|Any CPU.ActiveCfg = Release|Any CPU
		{1AB65FAF-EDE7-4A98-B9A5-7A1EBEB40C3B}.Release|Any CPU.Build.0 = Release|Any CPU
		{C60D504D-FA8C-423F-A941-F7E361B49DC1}.Debug|Any CPU.ActiveCfg = Debug|Any CPU
		{C60D504D-FA8C-423F-A941-F7E361B49DC1}.Debug|Any CPU.Build.0 = Debug|Any CPU
		{C60D504D-FA8C-423F-A941-F7E361B49DC1}.Release|Any CPU.ActiveCfg = Release|Any CPU
		{C60D504D-FA8C-423F-A941-F7E361B49DC1}.Release|Any CPU.Build.0 = Release|Any CPU
	EndGlobalSection
	GlobalSection(SolutionProperties) = preSolution
		HideSolutionNode = FALSE
	EndGlobalSection
	GlobalSection(ExtensibilityGlobals) = postSolution
		SolutionGuid = {249D9510-0AE8-4645-8254-58B2D78BF3B3}
	EndGlobalSection
EndGlobal
